
Microsoft Visual Studio Solution File, Format Version 12.00
# Visual Studio Version 16
VisualStudioVersion = 16.0.31424.327
MinimumVisualStudioVersion = 10.0.40219.1
Project("{FAE04EC0-301F-11D3-BF4B-00C04F79EFBC}") = "AddressBookApp", "AddressBook\AddressBookApp.csproj", "{F994F854-CA2B-493E-94D3-4671A717A21D}"
EndProject
Global
	GlobalSection(SolutionConfigurationPlatforms) = preSolution
		Debug|Any CPU = Debug|Any CPU
		Release|Any CPU = Release|Any CPU
	EndGlobalSection
	GlobalSection(ProjectConfigurationPlatforms) = postSolution
		{F994F854-CA2B-493E-94D3-4671A717A21D}.Debug|Any CPU.ActiveCfg = Debug|Any CPU
		{F994F854-CA2B-493E-94D3-4671A717A21D}.Debug|Any CPU.Build.0 = Debug|Any CPU
		{F994F854-CA2B-493E-94D3-4671A717A21D}.Release|Any CPU.ActiveCfg = Release|Any CPU
		{F994F854-CA2B-493E-94D3-4671A717A21D}.Release|Any CPU.Build.0 = Release|Any CPU
	EndGlobalSection
	GlobalSection(SolutionProperties) = preSolution
		HideSolutionNode = FALSE
	EndGlobalSection
	GlobalSection(ExtensibilityGlobals) = postSolution
		SolutionGuid = {66E25A00-06EE-46DD-93A1-C8687A051822}
	EndGlobalSection
EndGlobal
